
Microsoft Visual Studio Solution File, Format Version 12.00
# Visual Studio Version 16
VisualStudioVersion = 16.0.29519.87
MinimumVisualStudioVersion = 10.0.40219.1
Project("{FAE04EC0-301F-11D3-BF4B-00C04F79EFBC}") = "DempApplication", "DempApplication.csproj", "{A6E44A45-7A6A-49C8-B029-3B4433BB1FA7}"
EndProject
Global
	GlobalSection(SolutionConfigurationPlatforms) = preSolution
		Debug|Any CPU = Debug|Any CPU
		Release|Any CPU = Release|Any CPU
	EndGlobalSection
	GlobalSection(ProjectConfigurationPlatforms) = postSolution
		{A6E44A45-7A6A-49C8-B029-3B4433BB1FA7}.Debug|Any CPU.ActiveCfg = Debug|Any CPU
		{A6E44A45-7A6A-49C8-B029-3B4433BB1FA7}.Debug|Any CPU.Build.0 = Debug|Any CPU
		{A6E44A45-7A6A-49C8-B029-3B4433BB1FA7}.Release|Any CPU.ActiveCfg = Release|Any CPU
		{A6E44A45-7A6A-49C8-B029-3B4433BB1FA7}.Release|Any CPU.Build.0 = Release|Any CPU
	EndGlobalSection
	GlobalSection(SolutionProperties) = preSolution
		HideSolutionNode = FALSE
	EndGlobalSection
	GlobalSection(ExtensibilityGlobals) = postSolution
		SolutionGuid = {8A831EAE-7F90-43C0-A5C9-0353EEE74533}
	EndGlobalSection
EndGlobal
